
Microsoft Visual Studio Solution File, Format Version 12.00
# Visual Studio Version 17
VisualStudioVersion = 17.4.33103.184
MinimumVisualStudioVersion = 10.0.40219.1
Project("{FAE04EC0-301F-11D3-BF4B-00C04F79EFBC}") = "CompoundPattern", "CompoundPattern.csproj", "{BA5082DD-3178-4342-B861-878B778EC7EA}"
EndProject
Global
	GlobalSection(SolutionConfigurationPlatforms) = preSolution
		Debug|Any CPU = Debug|Any CPU
		Release|Any CPU = Release|Any CPU
	EndGlobalSection
	GlobalSection(ProjectConfigurationPlatforms) = postSolution
		{BA5082DD-3178-4342-B861-878B778EC7EA}.Debug|Any CPU.ActiveCfg = Debug|Any CPU
		{BA5082DD-3178-4342-B861-878B778EC7EA}.Debug|Any CPU.Build.0 = Debug|Any CPU
		{BA5082DD-3178-4342-B861-878B778EC7EA}.Release|Any CPU.ActiveCfg = Release|Any CPU
		{BA5082DD-3178-4342-B861-878B778EC7EA}.Release|Any CPU.Build.0 = Release|Any CPU
	EndGlobalSection
	GlobalSection(SolutionProperties) = preSolution
		HideSolutionNode = FALSE
	EndGlobalSection
	GlobalSection(ExtensibilityGlobals) = postSolution
		SolutionGuid = {FA4BEE46-DAB4-4E25-AA97-A6902201F939}
	EndGlobalSection
EndGlobal
