
Microsoft Visual Studio Solution File, Format Version 12.00
# Visual Studio Version 17
VisualStudioVersion = 17.1.32210.238
MinimumVisualStudioVersion = 10.0.40219.1
Project("{FAE04EC0-301F-11D3-BF4B-00C04F79EFBC}") = "Chapter01", "Chapter01.csproj", "{F7192D16-A097-4EEE-A413-1E7CD5BBFDA5}"
EndProject
Global
	GlobalSection(SolutionConfigurationPlatforms) = preSolution
		Debug|Any CPU = Debug|Any CPU
		Release|Any CPU = Release|Any CPU
	EndGlobalSection
	GlobalSection(ProjectConfigurationPlatforms) = postSolution
		{F7192D16-A097-4EEE-A413-1E7CD5BBFDA5}.Debug|Any CPU.ActiveCfg = Debug|Any CPU
		{F7192D16-A097-4EEE-A413-1E7CD5BBFDA5}.Debug|Any CPU.Build.0 = Debug|Any CPU
		{F7192D16-A097-4EEE-A413-1E7CD5BBFDA5}.Release|Any CPU.ActiveCfg = Release|Any CPU
		{F7192D16-A097-4EEE-A413-1E7CD5BBFDA5}.Release|Any CPU.Build.0 = Release|Any CPU
	EndGlobalSection
	GlobalSection(SolutionProperties) = preSolution
		HideSolutionNode = FALSE
	EndGlobalSection
	GlobalSection(ExtensibilityGlobals) = postSolution
		SolutionGuid = {C9E42553-B88E-4B58-BA44-208DB799919D}
	EndGlobalSection
EndGlobal
