
Microsoft Visual Studio Solution File, Format Version 12.00
# Visual Studio Version 17
VisualStudioVersion = 17.1.32328.378
MinimumVisualStudioVersion = 10.0.40219.1
Project("{FAE04EC0-301F-11D3-BF4B-00C04F79EFBC}") = "TemplateMethodPattern", "TemplateMethodPattern.csproj", "{550827E8-B36D-4799-9FCF-CA5C038675A5}"
EndProject
Global
	GlobalSection(SolutionConfigurationPlatforms) = preSolution
		Debug|Any CPU = Debug|Any CPU
		Release|Any CPU = Release|Any CPU
	EndGlobalSection
	GlobalSection(ProjectConfigurationPlatforms) = postSolution
		{550827E8-B36D-4799-9FCF-CA5C038675A5}.Debug|Any CPU.ActiveCfg = Debug|Any CPU
		{550827E8-B36D-4799-9FCF-CA5C038675A5}.Debug|Any CPU.Build.0 = Debug|Any CPU
		{550827E8-B36D-4799-9FCF-CA5C038675A5}.Release|Any CPU.ActiveCfg = Release|Any CPU
		{550827E8-B36D-4799-9FCF-CA5C038675A5}.Release|Any CPU.Build.0 = Release|Any CPU
	EndGlobalSection
	GlobalSection(SolutionProperties) = preSolution
		HideSolutionNode = FALSE
	EndGlobalSection
	GlobalSection(ExtensibilityGlobals) = postSolution
		SolutionGuid = {6F95997C-E774-4089-A537-0DB43FC183C8}
	EndGlobalSection
EndGlobal
