
Microsoft Visual Studio Solution File, Format Version 12.00
# Visual Studio Version 17
VisualStudioVersion = 17.1.32328.378
MinimumVisualStudioVersion = 10.0.40219.1
Project("{FAE04EC0-301F-11D3-BF4B-00C04F79EFBC}") = "StatePattern", "StatePattern.csproj", "{C0BF16A0-E80B-4568-9D97-31BB0741C1E5}"
EndProject
Global
	GlobalSection(SolutionConfigurationPlatforms) = preSolution
		Debug|Any CPU = Debug|Any CPU
		Release|Any CPU = Release|Any CPU
	EndGlobalSection
	GlobalSection(ProjectConfigurationPlatforms) = postSolution
		{C0BF16A0-E80B-4568-9D97-31BB0741C1E5}.Debug|Any CPU.ActiveCfg = Debug|Any CPU
		{C0BF16A0-E80B-4568-9D97-31BB0741C1E5}.Debug|Any CPU.Build.0 = Debug|Any CPU
		{C0BF16A0-E80B-4568-9D97-31BB0741C1E5}.Release|Any CPU.ActiveCfg = Release|Any CPU
		{C0BF16A0-E80B-4568-9D97-31BB0741C1E5}.Release|Any CPU.Build.0 = Release|Any CPU
	EndGlobalSection
	GlobalSection(SolutionProperties) = preSolution
		HideSolutionNode = FALSE
	EndGlobalSection
	GlobalSection(ExtensibilityGlobals) = postSolution
		SolutionGuid = {E5166FE5-9A58-4293-A7F8-A72B9B770566}
	EndGlobalSection
EndGlobal
