
Microsoft Visual Studio Solution File, Format Version 12.00
# Visual Studio Version 17
VisualStudioVersion = 17.1.32328.378
MinimumVisualStudioVersion = 10.0.40219.1
Project("{FAE04EC0-301F-11D3-BF4B-00C04F79EFBC}") = "CommandPattern", "CommandPattern.csproj", "{940FD4C5-3229-4508-8332-D05B02E6FE84}"
EndProject
Global
	GlobalSection(SolutionConfigurationPlatforms) = preSolution
		Debug|Any CPU = Debug|Any CPU
		Release|Any CPU = Release|Any CPU
	EndGlobalSection
	GlobalSection(ProjectConfigurationPlatforms) = postSolution
		{940FD4C5-3229-4508-8332-D05B02E6FE84}.Debug|Any CPU.ActiveCfg = Debug|Any CPU
		{940FD4C5-3229-4508-8332-D05B02E6FE84}.Debug|Any CPU.Build.0 = Debug|Any CPU
		{940FD4C5-3229-4508-8332-D05B02E6FE84}.Release|Any CPU.ActiveCfg = Release|Any CPU
		{940FD4C5-3229-4508-8332-D05B02E6FE84}.Release|Any CPU.Build.0 = Release|Any CPU
	EndGlobalSection
	GlobalSection(SolutionProperties) = preSolution
		HideSolutionNode = FALSE
	EndGlobalSection
	GlobalSection(ExtensibilityGlobals) = postSolution
		SolutionGuid = {41930943-E3B1-465F-AB62-16C7CB0F931A}
	EndGlobalSection
EndGlobal
